# This file is automatically @generated by Cargo.
# It is not intended for manual editing.
version = 4

[[package]]
name = "app"
version = "0.1.0"
dependencies = [
 "dep-lib",
 "make-dep",
]

[[package]]
name = "dep-lib"
version = "0.1.0"

[[package]]
name = "make-dep"
version = "0.1.0"
dependencies = [
 "dep-lib",
]
